
Microsoft Visual Studio Solution File, Format Version 12.00
# Visual Studio Version 17
VisualStudioVersion = 17.2.32519.379
MinimumVisualStudioVersion = 10.0.40219.1
Project("{9A19103F-16F7-4668-BE54-9A1E7A4F7556}") = "TicTacToe Game", "TicTacToe Game\TicTacToe Game.csproj", "{0921BAA0-5B5A-4BED-8EE5-FC39CBB5A8E2}"
EndProject
Global
	GlobalSection(SolutionConfigurationPlatforms) = preSolution
		Debug|Any CPU = Debug|Any CPU
		Release|Any CPU = Release|Any CPU
	EndGlobalSection
	GlobalSection(ProjectConfigurationPlatforms) = postSolution
		{0921BAA0-5B5A-4BED-8EE5-FC39CBB5A8E2}.Debug|Any CPU.ActiveCfg = Debug|Any CPU
		{0921BAA0-5B5A-4BED-8EE5-FC39CBB5A8E2}.Debug|Any CPU.Build.0 = Debug|Any CPU
		{0921BAA0-5B5A-4BED-8EE5-FC39CBB5A8E2}.Release|Any CPU.ActiveCfg = Release|Any CPU
		{0921BAA0-5B5A-4BED-8EE5-FC39CBB5A8E2}.Release|Any CPU.Build.0 = Release|Any CPU
	EndGlobalSection
	GlobalSection(SolutionProperties) = preSolution
		HideSolutionNode = FALSE
	EndGlobalSection
	GlobalSection(ExtensibilityGlobals) = postSolution
		SolutionGuid = {B0CDC650-9C43-4D32-98B4-E36E688BEF75}
	EndGlobalSection
EndGlobal
